
Microsoft Visual Studio Solution File, Format Version 12.00
# Visual Studio 15
VisualStudioVersion = 15.0.28307.1259
MinimumVisualStudioVersion = 10.0.40219.1
Project("{FAE04EC0-301F-11D3-BF4B-00C04F79EFBC}") = "RelatorioUser", "RelatorioUser\RelatorioUser.csproj", "{8DA03D83-CD74-4D29-9BC7-DDD7BF125954}"
EndProject
Global
	GlobalSection(SolutionConfigurationPlatforms) = preSolution
		Debug|Any CPU = Debug|Any CPU
		Release|Any CPU = Release|Any CPU
	EndGlobalSection
	GlobalSection(ProjectConfigurationPlatforms) = postSolution
		{8DA03D83-CD74-4D29-9BC7-DDD7BF125954}.Debug|Any CPU.ActiveCfg = Debug|Any CPU
		{8DA03D83-CD74-4D29-9BC7-DDD7BF125954}.Debug|Any CPU.Build.0 = Debug|Any CPU
		{8DA03D83-CD74-4D29-9BC7-DDD7BF125954}.Release|Any CPU.ActiveCfg = Release|Any CPU
		{8DA03D83-CD74-4D29-9BC7-DDD7BF125954}.Release|Any CPU.Build.0 = Release|Any CPU
	EndGlobalSection
	GlobalSection(SolutionProperties) = preSolution
		HideSolutionNode = FALSE
	EndGlobalSection
	GlobalSection(ExtensibilityGlobals) = postSolution
		SolutionGuid = {F237661B-2EAA-4557-AB8B-DEF93A681518}
	EndGlobalSection
EndGlobal
